{
  "nodes": {
    "nixpkgs": {
      "locked": {
        "lastModified": 1757745802,
        "narHash": "sha256-hLEO2TPj55KcUFUU1vgtHE9UEIOjRcH/4QbmfHNF820=",
        "owner": "nixos",
        "repo": "nixpkgs",
        "rev": "c23193b943c6c689d70ee98ce3128239ed9e32d1",
        "type": "github"
      },
      "original": {
        "owner": "nixos",
        "ref": "nixos-unstable",
        "repo": "nixpkgs",
        "type": "github"
      }
    },
    "nixpkgsforwasm": {
      "locked": {
        "lastModified": 1758037155,
        "narHash": "sha256-b0HJiv4e+7IDfSyvfCL/CL6V2PaYA1mfSu7NWfj12w0=",
        "type": "tarball",
        "url": "https://github.com/NixOS/nixpkgs/archive/pull/443183/head.tar.gz"
      },
      "original": {
        "type": "tarball",
        "url": "https://github.com/NixOS/nixpkgs/archive/pull/443183/head.tar.gz"
      }
    },
    "root": {
      "inputs": {
        "nixpkgs": "nixpkgs",
        "nixpkgsforwasm": "nixpkgsforwasm"
      }
    }
  },
  "root": "root",
  "version": 7
}
